
Microsoft Visual Studio Solution File, Format Version 12.00
# Visual Studio 14
VisualStudioVersion = 14.0.25420.1
MinimumVisualStudioVersion = 10.0.40219.1
Project("{FAE04EC0-301F-11D3-BF4B-00C04F79EFBC}") = "LotteryDrawApp", "LotteryDrawApp\LotteryDrawApp.csproj", "{66AB6F35-264C-4A33-83C0-E63228747AA1}"
EndProject
Project("{FAE04EC0-301F-11D3-BF4B-00C04F79EFBC}") = "LotteryDrawApp.Tests", "LotteryDrawApp.Tests\LotteryDrawApp.Tests.csproj", "{82BC6DD9-F0AA-4142-983C-DE54775AA604}"
EndProject
Global
	GlobalSection(SolutionConfigurationPlatforms) = preSolution
		Debug|Any CPU = Debug|Any CPU
		Release|Any CPU = Release|Any CPU
	EndGlobalSection
	GlobalSection(ProjectConfigurationPlatforms) = postSolution
		{66AB6F35-264C-4A33-83C0-E63228747AA1}.Debug|Any CPU.ActiveCfg = Debug|Any CPU
		{66AB6F35-264C-4A33-83C0-E63228747AA1}.Debug|Any CPU.Build.0 = Debug|Any CPU
		{66AB6F35-264C-4A33-83C0-E63228747AA1}.Release|Any CPU.ActiveCfg = Release|Any CPU
		{66AB6F35-264C-4A33-83C0-E63228747AA1}.Release|Any CPU.Build.0 = Release|Any CPU
		{82BC6DD9-F0AA-4142-983C-DE54775AA604}.Debug|Any CPU.ActiveCfg = Debug|Any CPU
		{82BC6DD9-F0AA-4142-983C-DE54775AA604}.Debug|Any CPU.Build.0 = Debug|Any CPU
		{82BC6DD9-F0AA-4142-983C-DE54775AA604}.Release|Any CPU.ActiveCfg = Release|Any CPU
		{82BC6DD9-F0AA-4142-983C-DE54775AA604}.Release|Any CPU.Build.0 = Release|Any CPU
	EndGlobalSection
	GlobalSection(SolutionProperties) = preSolution
		HideSolutionNode = FALSE
	EndGlobalSection
EndGlobal
